
Microsoft Visual Studio Solution File, Format Version 12.00
# Visual Studio Version 16
VisualStudioVersion = 16.0.29920.165
MinimumVisualStudioVersion = 10.0.40219.1
Project("{FAE04EC0-301F-11D3-BF4B-00C04F79EFBC}") = "MovieApp.API", "MovieApp.API\MovieApp.API.csproj", "{B7FCD5BA-70A6-4760-925A-22119E47533C}"
EndProject
Global
	GlobalSection(SolutionConfigurationPlatforms) = preSolution
		Debug|Any CPU = Debug|Any CPU
		Release|Any CPU = Release|Any CPU
	EndGlobalSection
	GlobalSection(ProjectConfigurationPlatforms) = postSolution
		{B7FCD5BA-70A6-4760-925A-22119E47533C}.Debug|Any CPU.ActiveCfg = Debug|Any CPU
		{B7FCD5BA-70A6-4760-925A-22119E47533C}.Debug|Any CPU.Build.0 = Debug|Any CPU
		{B7FCD5BA-70A6-4760-925A-22119E47533C}.Release|Any CPU.ActiveCfg = Release|Any CPU
		{B7FCD5BA-70A6-4760-925A-22119E47533C}.Release|Any CPU.Build.0 = Release|Any CPU
	EndGlobalSection
	GlobalSection(SolutionProperties) = preSolution
		HideSolutionNode = FALSE
	EndGlobalSection
	GlobalSection(ExtensibilityGlobals) = postSolution
		SolutionGuid = {03914A7F-215A-4057-89FE-CB8BD387B66D}
	EndGlobalSection
EndGlobal
